// !$*UTF8*$!
{
	archiveVersion = 1;
	classes = {
	};
	objectVersion = 50;
	objects = {

/* Begin PBXBuildFile section */
		3E915B302443199B00DFA574 /* AppDelegate.swift in Sources */ = {isa = PBXBuildFile; fileRef = 3E915B2F2443199B00DFA574 /* AppDelegate.swift */; };
		3E915B322443199B00DFA574 /* SceneDelegate.swift in Sources */ = {isa = PBXBuildFile; fileRef = 3E915B312443199B00DFA574 /* SceneDelegate.swift */; };
		3E915B342443199B00DFA574 /* ContentView.swift in Sources */ = {isa = PBXBuildFile; fileRef = 3E915B332443199B00DFA574 /* ContentView.swift */; };
		3E915B362443199C00DFA574 /* Assets.xcassets in Resources */ = {isa = PBXBuildFile; fileRef = 3E915B352443199C00DFA574 /* Assets.xcassets */; };
		3E915B392443199C00DFA574 /* Preview Assets.xcassets in Resources */ = {isa = PBXBuildFile; fileRef = 3E915B382443199C00DFA574 /* Preview Assets.xcassets */; };
		3E915B3C2443199C00DFA574 /* LaunchScreen.storyboard in Resources */ = {isa = PBXBuildFile; fileRef = 3E915B3A2443199C00DFA574 /* LaunchScreen.storyboard */; };
		3E915B472443199C00DFA574 /* CoronaDemoTests.swift in Sources */ = {isa = PBXBuildFile; fileRef = 3E915B462443199C00DFA574 /* CoronaDemoTests.swift */; };
		3E915B522443199C00DFA574 /* CoronaDemoUITests.swift in Sources */ = {isa = PBXBuildFile; fileRef = 3E915B512443199C00DFA574 /* CoronaDemoUITests.swift */; };
		3E915B6424431A6600DFA574 /* ApiHelper.swift in Sources */ = {isa = PBXBuildFile; fileRef = 3E915B6324431A6600DFA574 /* ApiHelper.swift */; };
		3E915B6624431C4D00DFA574 /* Constants.swift in Sources */ = {isa = PBXBuildFile; fileRef = 3E915B6524431C4D00DFA574 /* Constants.swift */; };
		3E915B6824431DA200DFA574 /* DetailView.swift in Sources */ = {isa = PBXBuildFile; fileRef = 3E915B6724431DA200DFA574 /* DetailView.swift */; };
		3E915B6A24431DF500DFA574 /* DetailViewModel.swift in Sources */ = {isa = PBXBuildFile; fileRef = 3E915B6924431DF500DFA574 /* DetailViewModel.swift */; };
		3E915B6C24431E1700DFA574 /* Helper.swift in Sources */ = {isa = PBXBuildFile; fileRef = 3E915B6B24431E1700DFA574 /* Helper.swift */; };
		3E915B6E24431E5100DFA574 /* Extensions.swift in Sources */ = {isa = PBXBuildFile; fileRef = 3E915B6D24431E5100DFA574 /* Extensions.swift */; };
		3E915B7024431EA000DFA574 /* CountryViewModel.swift in Sources */ = {isa = PBXBuildFile; fileRef = 3E915B6F24431EA000DFA574 /* CountryViewModel.swift */; };
		3E915B7224431F5A00DFA574 /* ResponseData.swift in Sources */ = {isa = PBXBuildFile; fileRef = 3E915B7124431F5A00DFA574 /* ResponseData.swift */; };
/* End PBXBuildFile section */

/* Begin PBXContainerItemProxy section */
		3E915B432443199C00DFA574 /* PBXContainerItemProxy */ = {
			isa = PBXContainerItemProxy;
			containerPortal = 3E915B242443199B00DFA574 /* Project object */;
			proxyType = 1;
			remoteGlobalIDString = 3E915B2B2443199B00DFA574;
			remoteInfo = CoronaDemo;
		};
		3E915B4E2443199C00DFA574 /* PBXContainerItemProxy */ = {
			isa = PBXContainerItemProxy;
			containerPortal = 3E915B242443199B00DFA574 /* Project object */;
			proxyType = 1;
			remoteGlobalIDString = 3E915B2B2443199B00DFA574;
			remoteInfo = CoronaDemo;
		};
/* End PBXContainerItemProxy section */

/* Begin PBXFileReference section */
		3E915B2C2443199B00DFA574 /* CoronaDemo.app */ = {isa = PBXFileReference; explicitFileType = wrapper.application; includeInIndex = 0; path = CoronaDemo.app; sourceTree = BUILT_PRODUCTS_DIR; };
		3E915B2F2443199B00DFA574 /* AppDelegate.swift */ = {isa = PBXFileReference; lastKnownFileType = sourcecode.swift; path = AppDelegate.swift; sourceTree = "<group>"; };
		3E915B312443199B00DFA574 /* SceneDelegate.swift */ = {isa = PBXFileReference; lastKnownFileType = sourcecode.swift; path = SceneDelegate.swift; sourceTree = "<group>"; };
		3E915B332443199B00DFA574 /* ContentView.swift */ = {isa = PBXFileReference; lastKnownFileType = sourcecode.swift; path = ContentView.swift; sourceTree = "<group>"; };
		3E915B352443199C00DFA574 /* Assets.xcassets */ = {isa = PBXFileReference; lastKnownFileType = folder.assetcatalog; path = Assets.xcassets; sourceTree = "<group>"; };
		3E915B382443199C00DFA574 /* Preview Assets.xcassets */ = {isa = PBXFileReference; lastKnownFileType = folder.assetcatalog; path = "Preview Assets.xcassets"; sourceTree = "<group>"; };
		3E915B3B2443199C00DFA574 /* Base */ = {isa = PBXFileReference; lastKnownFileType = file.storyboard; name = Base; path = Base.lproj/LaunchScreen.storyboard; sourceTree = "<group>"; };
		3E915B3D2443199C00DFA574 /* Info.plist */ = {isa = PBXFileReference; lastKnownFileType = text.plist.xml; path = Info.plist; sourceTree = "<group>"; };
		3E915B422443199C00DFA574 /* CoronaDemoTests.xctest */ = {isa = PBXFileReference; explicitFileType = wrapper.cfbundle; includeInIndex = 0; path = CoronaDemoTests.xctest; sourceTree = BUILT_PRODUCTS_DIR; };
		3E915B462443199C00DFA574 /* CoronaDemoTests.swift */ = {isa = PBXFileReference; lastKnownFileType = sourcecode.swift; path = CoronaDemoTests.swift; sourceTree = "<group>"; };
		3E915B482443199C00DFA574 /* Info.plist */ = {isa = PBXFileReference; lastKnownFileType = text.plist.xml; path = Info.plist; sourceTree = "<group>"; };
		3E915B4D2443199C00DFA574 /* CoronaDemoUITests.xctest */ = {isa = PBXFileReference; explicitFileType = wrapper.cfbundle; includeInIndex = 0; path = CoronaDemoUITests.xctest; sourceTree = BUILT_PRODUCTS_DIR; };
		3E915B512443199C00DFA574 /* CoronaDemoUITests.swift */ = {isa = PBXFileReference; lastKnownFileType = sourcecode.swift; path = CoronaDemoUITests.swift; sourceTree = "<group>"; };
		3E915B532443199C00DFA574 /* Info.plist */ = {isa = PBXFileReference; lastKnownFileType = text.plist.xml; path = Info.plist; sourceTree = "<group>"; };
		3E915B6324431A6600DFA574 /* ApiHelper.swift */ = {isa = PBXFileReference; lastKnownFileType = sourcecode.swift; path = ApiHelper.swift; sourceTree = "<group>"; };
		3E915B6524431C4D00DFA574 /* Constants.swift */ = {isa = PBXFileReference; lastKnownFileType = sourcecode.swift; path = Constants.swift; sourceTree = "<group>"; };
		3E915B6724431DA200DFA574 /* DetailView.swift */ = {isa = PBXFileReference; lastKnownFileType = sourcecode.swift; path = DetailView.swift; sourceTree = "<group>"; };
		3E915B6924431DF500DFA574 /* DetailViewModel.swift */ = {isa = PBXFileReference; lastKnownFileType = sourcecode.swift; path = DetailViewModel.swift; sourceTree = "<group>"; };
		3E915B6B24431E1700DFA574 /* Helper.swift */ = {isa = PBXFileReference; lastKnownFileType = sourcecode.swift; path = Helper.swift; sourceTree = "<group>"; };
		3E915B6D24431E5100DFA574 /* Extensions.swift */ = {isa = PBXFileReference; lastKnownFileType = sourcecode.swift; path = Extensions.swift; sourceTree = "<group>"; };
		3E915B6F24431EA000DFA574 /* CountryViewModel.swift */ = {isa = PBXFileReference; lastKnownFileType = sourcecode.swift; path = CountryViewModel.swift; sourceTree = "<group>"; };
		3E915B7124431F5A00DFA574 /* ResponseData.swift */ = {isa = PBXFileReference; lastKnownFileType = sourcecode.swift; path = ResponseData.swift; sourceTree = "<group>"; };
/* End PBXFileReference section */

/* Begin PBXFrameworksBuildPhase section */
		3E915B292443199B00DFA574 /* Frameworks */ = {
			isa = PBXFrameworksBuildPhase;
			buildActionMask = 2147483647;
			files = (
			);
			runOnlyForDeploymentPostprocessing = 0;
		};
		3E915B3F2443199C00DFA574 /* Frameworks */ = {
			isa = PBXFrameworksBuildPhase;
			buildActionMask = 2147483647;
			files = (
			);
			runOnlyForDeploymentPostprocessing = 0;
		};
		3E915B4A2443199C00DFA574 /* Frameworks */ = {
			isa = PBXFrameworksBuildPhase;
			buildActionMask = 2147483647;
			files = (
			);
			runOnlyForDeploymentPostprocessing = 0;
		};
/* End PBXFrameworksBuildPhase section */

/* Begin PBXGroup section */
		3E915B232443199B00DFA574 = {
			isa = PBXGroup;
			children = (
				3E915B2E2443199B00DFA574 /* CoronaDemo */,
				3E915B452443199C00DFA574 /* CoronaDemoTests */,
				3E915B502443199C00DFA574 /* CoronaDemoUITests */,
				3E915B2D2443199B00DFA574 /* Products */,
			);
			sourceTree = "<group>";
		};
		3E915B2D2443199B00DFA574 /* Products */ = {
			isa = PBXGroup;
			children = (
				3E915B2C2443199B00DFA574 /* CoronaDemo.app */,
				3E915B422443199C00DFA574 /* CoronaDemoTests.xctest */,
				3E915B4D2443199C00DFA574 /* CoronaDemoUITests.xctest */,
			);
			name = Products;
			sourceTree = "<group>";
		};
		3E915B2E2443199B00DFA574 /* CoronaDemo */ = {
			isa = PBXGroup;
			children = (
				3E915B61244319D900DFA574 /* Views */,
				3E915B60244319BF00DFA574 /* Models */,
				3E915B5F244319B400DFA574 /* Helpers */,
				3E915B2F2443199B00DFA574 /* AppDelegate.swift */,
				3E915B312443199B00DFA574 /* SceneDelegate.swift */,
				3E915B352443199C00DFA574 /* Assets.xcassets */,
				3E915B3A2443199C00DFA574 /* LaunchScreen.storyboard */,
				3E915B3D2443199C00DFA574 /* Info.plist */,
				3E915B372443199C00DFA574 /* Preview Content */,
			);
			path = CoronaDemo;
			sourceTree = "<group>";
		};
		3E915B372443199C00DFA574 /* Preview Content */ = {
			isa = PBXGroup;
			children = (
				3E915B382443199C00DFA574 /* Preview Assets.xcassets */,
			);
			path = "Preview Content";
			sourceTree = "<group>";
		};
		3E915B452443199C00DFA574 /* CoronaDemoTests */ = {
			isa = PBXGroup;
			children = (
				3E915B462443199C00DFA574 /* CoronaDemoTests.swift */,
				3E915B482443199C00DFA574 /* Info.plist */,
			);
			path = CoronaDemoTests;
			sourceTree = "<group>";
		};
		3E915B502443199C00DFA574 /* CoronaDemoUITests */ = {
			isa = PBXGroup;
			children = (
				3E915B512443199C00DFA574 /* CoronaDemoUITests.swift */,
				3E915B532443199C00DFA574 /* Info.plist */,
			);
			path = CoronaDemoUITests;
			sourceTree = "<group>";
		};
		3E915B5F244319B400DFA574 /* Helpers */ = {
			isa = PBXGroup;
			children = (
				3E915B6324431A6600DFA574 /* ApiHelper.swift */,
				3E915B6524431C4D00DFA574 /* Constants.swift */,
				3E915B6B24431E1700DFA574 /* Helper.swift */,
				3E915B6D24431E5100DFA574 /* Extensions.swift */,
			);
			path = Helpers;
			sourceTree = "<group>";
		};
		3E915B60244319BF00DFA574 /* Models */ = {
			isa = PBXGroup;
			children = (
				3E915B6924431DF500DFA574 /* DetailViewModel.swift */,
				3E915B6F24431EA000DFA574 /* CountryViewModel.swift */,
				3E915B7124431F5A00DFA574 /* ResponseData.swift */,
			);
			path = Models;
			sourceTree = "<group>";
		};
		3E915B61244319D900DFA574 /* Views */ = {
			isa = PBXGroup;
			children = (
				3E915B6724431DA200DFA574 /* DetailView.swift */,
				3E915B332443199B00DFA574 /* ContentView.swift */,
			);
			path = Views;
			sourceTree = "<group>";
		};
/* End PBXGroup section */

/* Begin PBXNativeTarget section */
		3E915B2B2443199B00DFA574 /* CoronaDemo */ = {
			isa = PBXNativeTarget;
			buildConfigurationList = 3E915B562443199C00DFA574 /* Build configuration list for PBXNativeTarget "CoronaDemo" */;
			buildPhases = (
				3E915B282443199B00DFA574 /* Sources */,
				3E915B292443199B00DFA574 /* Frameworks */,
				3E915B2A2443199B00DFA574 /* Resources */,
			);
			buildRules = (
			);
			dependencies = (
			);
			name = CoronaDemo;
			productName = CoronaDemo;
			productReference = 3E915B2C2443199B00DFA574 /* CoronaDemo.app */;
			productType = "com.apple.product-type.application";
		};
		3E915B412443199C00DFA574 /* CoronaDemoTests */ = {
			isa = PBXNativeTarget;
			buildConfigurationList = 3E915B592443199C00DFA574 /* Build configuration list for PBXNativeTarget "CoronaDemoTests" */;
			buildPhases = (
				3E915B3E2443199C00DFA574 /* Sources */,
				3E915B3F2443199C00DFA574 /* Frameworks */,
				3E915B402443199C00DFA574 /* Resources */,
			);
			buildRules = (
			);
			dependencies = (
				3E915B442443199C00DFA574 /* PBXTargetDependency */,
			);
			name = CoronaDemoTests;
			productName = CoronaDemoTests;
			productReference = 3E915B422443199C00DFA574 /* CoronaDemoTests.xctest */;
			productType = "com.apple.product-type.bundle.unit-test";
		};
		3E915B4C2443199C00DFA574 /* CoronaDemoUITests */ = {
			isa = PBXNativeTarget;
			buildConfigurationList = 3E915B5C2443199C00DFA574 /* Build configuration list for PBXNativeTarget "CoronaDemoUITests" */;
			buildPhases = (
				3E915B492443199C00DFA574 /* Sources */,
				3E915B4A2443199C00DFA574 /* Frameworks */,
				3E915B4B2443199C00DFA574 /* Resources */,
			);
			buildRules = (
			);
			dependencies = (
				3E915B4F2443199C00DFA574 /* PBXTargetDependency */,
			);
			name = CoronaDemoUITests;
			productName = CoronaDemoUITests;
			productReference = 3E915B4D2443199C00DFA574 /* CoronaDemoUITests.xctest */;
			productType = "com.apple.product-type.bundle.ui-testing";
		};
/* End PBXNativeTarget section */

/* Begin PBXProject section */
		3E915B242443199B00DFA574 /* Project object */ = {
			isa = PBXProject;
			attributes = {
				LastSwiftUpdateCheck = 1120;
				LastUpgradeCheck = 1120;
				ORGANIZATIONNAME = "Rajesh Rajesh";
				TargetAttributes = {
					3E915B2B2443199B00DFA574 = {
						CreatedOnToolsVersion = 11.2.1;
					};
					3E915B412443199C00DFA574 = {
						CreatedOnToolsVersion = 11.2.1;
						TestTargetID = 3E915B2B2443199B00DFA574;
					};
					3E915B4C2443199C00DFA574 = {
						CreatedOnToolsVersion = 11.2.1;
						TestTargetID = 3E915B2B2443199B00DFA574;
					};
				};
			};
			buildConfigurationList = 3E915B272443199B00DFA574 /* Build configuration list for PBXProject "CoronaDemo" */;
			compatibilityVersion = "Xcode 9.3";
			developmentRegion = en;
			hasScannedForEncodings = 0;
			knownRegions = (
				en,
				Base,
			);
			mainGroup = 3E915B232443199B00DFA574;
			productRefGroup = 3E915B2D2443199B00DFA574 /* Products */;
			projectDirPath = "";
			projectRoot = "";
			targets = (
				3E915B2B2443199B00DFA574 /* CoronaDemo */,
				3E915B412443199C00DFA574 /* CoronaDemoTests */,
				3E915B4C2443199C00DFA574 /* CoronaDemoUITests */,
			);
		};
/* End PBXProject section */

/* Begin PBXResourcesBuildPhase section */
		3E915B2A2443199B00DFA574 /* Resources */ = {
			isa = PBXResourcesBuildPhase;
			buildActionMask = 2147483647;
			files = (
				3E915B3C2443199C00DFA574 /* LaunchScreen.storyboard in Resources */,
				3E915B392443199C00DFA574 /* Preview Assets.xcassets in Resources */,
				3E915B362443199C00DFA574 /* Assets.xcassets in Resources */,
			);
			runOnlyForDeploymentPostprocessing = 0;
		};
		3E915B402443199C00DFA574 /* Resources */ = {
			isa = PBXResourcesBuildPhase;
			buildActionMask = 2147483647;
			files = (
			);
			runOnlyForDeploymentPostprocessing = 0;
		};
		3E915B4B2443199C00DFA574 /* Resources */ = {
			isa = PBXResourcesBuildPhase;
			buildActionMask = 2147483647;
			files = (
			);
			runOnlyForDeploymentPostprocessing = 0;
		};
/* End PBXResourcesBuildPhase section */

/* Begin PBXSourcesBuildPhase section */
		3E915B282443199B00DFA574 /* Sources */ = {
			isa = PBXSourcesBuildPhase;
			buildActionMask = 2147483647;
			files = (
				3E915B6624431C4D00DFA574 /* Constants.swift in Sources */,
				3E915B6E24431E5100DFA574 /* Extensions.swift in Sources */,
				3E915B6824431DA200DFA574 /* DetailView.swift in Sources */,
				3E915B6A24431DF500DFA574 /* DetailViewModel.swift in Sources */,
				3E915B7224431F5A00DFA574 /* ResponseData.swift in Sources */,
				3E915B6424431A6600DFA574 /* ApiHelper.swift in Sources */,
				3E915B302443199B00DFA574 /* AppDelegate.swift in Sources */,
				3E915B322443199B00DFA574 /* SceneDelegate.swift in Sources */,
				3E915B342443199B00DFA574 /* ContentView.swift in Sources */,
				3E915B6C24431E1700DFA574 /* Helper.swift in Sources */,
				3E915B7024431EA000DFA574 /* CountryViewModel.swift in Sources */,
			);
			runOnlyForDeploymentPostprocessing = 0;
		};
		3E915B3E2443199C00DFA574 /* Sources */ = {
			isa = PBXSourcesBuildPhase;
			buildActionMask = 2147483647;
			files = (
				3E915B472443199C00DFA574 /* CoronaDemoTests.swift in Sources */,
			);
			runOnlyForDeploymentPostprocessing = 0;
		};
		3E915B492443199C00DFA574 /* Sources */ = {
			isa = PBXSourcesBuildPhase;
			buildActionMask = 2147483647;
			files = (
				3E915B522443199C00DFA574 /* CoronaDemoUITests.swift in Sources */,
			);
			runOnlyForDeploymentPostprocessing = 0;
		};
/* End PBXSourcesBuildPhase section */

/* Begin PBXTargetDependency section */
		3E915B442443199C00DFA574 /* PBXTargetDependency */ = {
			isa = PBXTargetDependency;
			target = 3E915B2B2443199B00DFA574 /* CoronaDemo */;
			targetProxy = 3E915B432443199C00DFA574 /* PBXContainerItemProxy */;
		};
		3E915B4F2443199C00DFA574 /* PBXTargetDependency */ = {
			isa = PBXTargetDependency;
			target = 3E915B2B2443199B00DFA574 /* CoronaDemo */;
			targetProxy = 3E915B4E2443199C00DFA574 /* PBXContainerItemProxy */;
		};
/* End PBXTargetDependency section */

/* Begin PBXVariantGroup section */
		3E915B3A2443199C00DFA574 /* LaunchScreen.storyboard */ = {
			isa = PBXVariantGroup;
			children = (
				3E915B3B2443199C00DFA574 /* Base */,
			);
			name = LaunchScreen.storyboard;
			sourceTree = "<group>";
		};
/* End PBXVariantGroup section */

/* Begin XCBuildConfiguration section */
		3E915B542443199C00DFA574 /* Debug */ = {
			isa = XCBuildConfiguration;
			buildSettings = {
				ALWAYS_SEARCH_USER_PATHS = NO;
				CLANG_ANALYZER_NONNULL = YES;
				CLANG_ANALYZER_NUMBER_OBJECT_CONVERSION = YES_AGGRESSIVE;
				CLANG_CXX_LANGUAGE_STANDARD = "gnu++14";
				CLANG_CXX_LIBRARY = "libc++";
				CLANG_ENABLE_MODULES = YES;
				CLANG_ENABLE_OBJC_ARC = YES;
				CLANG_ENABLE_OBJC_WEAK = YES;
				CLANG_WARN_BLOCK_CAPTURE_AUTORELEASING = YES;
				CLANG_WARN_BOOL_CONVERSION = YES;
				CLANG_WARN_COMMA = YES;
				CLANG_WARN_CONSTANT_CONVERSION = YES;
				CLANG_WARN_DEPRECATED_OBJC_IMPLEMENTATIONS = YES;
				CLANG_WARN_DIRECT_OBJC_ISA_USAGE = YES_ERROR;
				CLANG_WARN_DOCUMENTATION_COMMENTS = YES;
				CLANG_WARN_EMPTY_BODY = YES;
				CLANG_WARN_ENUM_CONVERSION = YES;
				CLANG_WARN_INFINITE_RECURSION = YES;
				CLANG_WARN_INT_CONVERSION = YES;
				CLANG_WARN_NON_LITERAL_NULL_CONVERSION = YES;
				CLANG_WARN_OBJC_IMPLICIT_RETAIN_SELF = YES;
				CLANG_WARN_OBJC_LITERAL_CONVERSION = YES;
				CLANG_WARN_OBJC_ROOT_CLASS = YES_ERROR;
				CLANG_WARN_RANGE_LOOP_ANALYSIS = YES;
				CLANG_WARN_STRICT_PROTOTYPES = YES;
				CLANG_WARN_SUSPICIOUS_MOVE = YES;
				CLANG_WARN_UNGUARDED_AVAILABILITY = YES_AGGRESSIVE;
				CLANG_WARN_UNREACHABLE_CODE = YES;
				CLANG_WARN__DUPLICATE_METHOD_MATCH = YES;
				COPY_PHASE_STRIP = NO;
				DEBUG_INFORMATION_FORMAT = dwarf;
				ENABLE_STRICT_OBJC_MSGSEND = YES;
				ENABLE_TESTABILITY = YES;
				GCC_C_LANGUAGE_STANDARD = gnu11;
				GCC_DYNAMIC_NO_PIC = NO;
				GCC_NO_COMMON_BLOCKS = YES;
				GCC_OPTIMIZATION_LEVEL = 0;
				GCC_PREPROCESSOR_DEFINITIONS = (
					"DEBUG=1",
					"$(inherited)",
				);
				GCC_WARN_64_TO_32_BIT_CONVERSION = YES;
				GCC_WARN_ABOUT_RETURN_TYPE = YES_ERROR;
				GCC_WARN_UNDECLARED_SELECTOR = YES;
				GCC_WARN_UNINITIALIZED_AUTOS = YES_AGGRESSIVE;
				GCC_WARN_UNUSED_FUNCTION = YES;
				GCC_WARN_UNUSED_VARIABLE = YES;
				IPHONEOS_DEPLOYMENT_TARGET = 13.2;
				MTL_ENABLE_DEBUG_INFO = INCLUDE_SOURCE;
				MTL_FAST_MATH = YES;
				ONLY_ACTIVE_ARCH = YES;
				SDKROOT = iphoneos;
				SWIFT_ACTIVE_COMPILATION_CONDITIONS = DEBUG;
				SWIFT_OPTIMIZATION_LEVEL = "-Onone";
			};
			name = Debug;
		};
		3E915B552443199C00DFA574 /* Release */ = {
			isa = XCBuildConfiguration;
			buildSettings = {
				ALWAYS_SEARCH_USER_PATHS = NO;
				CLANG_ANALYZER_NONNULL = YES;
				CLANG_ANALYZER_NUMBER_OBJECT_CONVERSION = YES_AGGRESSIVE;
				CLANG_CXX_LANGUAGE_STANDARD = "gnu++14";
				CLANG_CXX_LIBRARY = "libc++";
				CLANG_ENABLE_MODULES = YES;
				CLANG_ENABLE_OBJC_ARC = YES;
				CLANG_ENABLE_OBJC_WEAK = YES;
				CLANG_WARN_BLOCK_CAPTURE_AUTORELEASING = YES;
				CLANG_WARN_BOOL_CONVERSION = YES;
				CLANG_WARN_COMMA = YES;
				CLANG_WARN_CONSTANT_CONVERSION = YES;
				CLANG_WARN_DEPRECATED_OBJC_IMPLEMENTATIONS = YES;
				CLANG_WARN_DIRECT_OBJC_ISA_USAGE = YES_ERROR;
				CLANG_WARN_DOCUMENTATION_COMMENTS = YES;
				CLANG_WARN_EMPTY_BODY = YES;
				CLANG_WARN_ENUM_CONVERSION = YES;
				CLANG_WARN_INFINITE_RECURSION = YES;
				CLANG_WARN_INT_CONVERSION = YES;
				CLANG_WARN_NON_LITERAL_NULL_CONVERSION = YES;
				CLANG_WARN_OBJC_IMPLICIT_RETAIN_SELF = YES;
				CLANG_WARN_OBJC_LITERAL_CONVERSION = YES;
				CLANG_WARN_OBJC_ROOT_CLASS = YES_ERROR;
				CLANG_WARN_RANGE_LOOP_ANALYSIS = YES;
				CLANG_WARN_STRICT_PROTOTYPES = YES;
				CLANG_WARN_SUSPICIOUS_MOVE = YES;
				CLANG_WARN_UNGUARDED_AVAILABILITY = YES_AGGRESSIVE;
				CLANG_WARN_UNREACHABLE_CODE = YES;
				CLANG_WARN__DUPLICATE_METHOD_MATCH = YES;
				COPY_PHASE_STRIP = NO;
				DEBUG_INFORMATION_FORMAT = "dwarf-with-dsym";
				ENABLE_NS_ASSERTIONS = NO;
				ENABLE_STRICT_OBJC_MSGSEND = YES;
				GCC_C_LANGUAGE_STANDARD = gnu11;
				GCC_NO_COMMON_BLOCKS = YES;
				GCC_WARN_64_TO_32_BIT_CONVERSION = YES;
				GCC_WARN_ABOUT_RETURN_TYPE = YES_ERROR;
				GCC_WARN_UNDECLARED_SELECTOR = YES;
				GCC_WARN_UNINITIALIZED_AUTOS = YES_AGGRESSIVE;
				GCC_WARN_UNUSED_FUNCTION = YES;
				GCC_WARN_UNUSED_VARIABLE = YES;
				IPHONEOS_DEPLOYMENT_TARGET = 13.2;
				MTL_ENABLE_DEBUG_INFO = NO;
				MTL_FAST_MATH = YES;
				SDKROOT = iphoneos;
				SWIFT_COMPILATION_MODE = wholemodule;
				SWIFT_OPTIMIZATION_LEVEL = "-O";
				VALIDATE_PRODUCT = YES;
			};
			name = Release;
		};
		3E915B572443199C00DFA574 /* Debug */ = {
			isa = XCBuildConfiguration;
			buildSettings = {
				ASSETCATALOG_COMPILER_APPICON_NAME = AppIcon;
				CODE_SIGN_STYLE = Automatic;
				DEVELOPMENT_ASSET_PATHS = "\"CoronaDemo/Preview Content\"";
				ENABLE_PREVIEWS = YES;
				INFOPLIST_FILE = CoronaDemo/Info.plist;
				LD_RUNPATH_SEARCH_PATHS = (
					"$(inherited)",
					"@executable_path/Frameworks",
				);
				PRODUCT_BUNDLE_IDENTIFIER = Sapient.CoronaDemo;
				PRODUCT_NAME = "$(TARGET_NAME)";
				SWIFT_VERSION = 5.0;
				TARGETED_DEVICE_FAMILY = "1,2";
			};
			name = Debug;
		};
		3E915B582443199C00DFA574 /* Release */ = {
			isa = XCBuildConfiguration;
			buildSettings = {
				ASSETCATALOG_COMPILER_APPICON_NAME = AppIcon;
				CODE_SIGN_STYLE = Automatic;
				DEVELOPMENT_ASSET_PATHS = "\"CoronaDemo/Preview Content\"";
				ENABLE_PREVIEWS = YES;
				INFOPLIST_FILE = CoronaDemo/Info.plist;
				LD_RUNPATH_SEARCH_PATHS = (
					"$(inherited)",
					"@executable_path/Frameworks",
				);
				PRODUCT_BUNDLE_IDENTIFIER = Sapient.CoronaDemo;
				PRODUCT_NAME = "$(TARGET_NAME)";
				SWIFT_VERSION = 5.0;
				TARGETED_DEVICE_FAMILY = "1,2";
			};
			name = Release;
		};
		3E915B5A2443199C00DFA574 /* Debug */ = {
			isa = XCBuildConfiguration;
			buildSettings = {
				ALWAYS_EMBED_SWIFT_STANDARD_LIBRARIES = YES;
				BUNDLE_LOADER = "$(TEST_HOST)";
				CODE_SIGN_STYLE = Automatic;
				INFOPLIST_FILE = CoronaDemoTests/Info.plist;
				IPHONEOS_DEPLOYMENT_TARGET = 13.2;
				LD_RUNPATH_SEARCH_PATHS = (
					"$(inherited)",
					"@executable_path/Frameworks",
					"@loader_path/Frameworks",
				);
				PRODUCT_BUNDLE_IDENTIFIER = Sapient.CoronaDemoTests;
				PRODUCT_NAME = "$(TARGET_NAME)";
				SWIFT_VERSION = 5.0;
				TARGETED_DEVICE_FAMILY = "1,2";
				TEST_HOST = "$(BUILT_PRODUCTS_DIR)/CoronaDemo.app/CoronaDemo";
			};
			name = Debug;
		};
		3E915B5B2443199C00DFA574 /* Release */ = {
			isa = XCBuildConfiguration;
			buildSettings = {
				ALWAYS_EMBED_SWIFT_STANDARD_LIBRARIES = YES;
				BUNDLE_LOADER = "$(TEST_HOST)";
				CODE_SIGN_STYLE = Automatic;
				INFOPLIST_FILE = CoronaDemoTests/Info.plist;
				IPHONEOS_DEPLOYMENT_TARGET = 13.2;
				LD_RUNPATH_SEARCH_PATHS = (
					"$(inherited)",
					"@executable_path/Frameworks",
					"@loader_path/Frameworks",
				);
				PRODUCT_BUNDLE_IDENTIFIER = Sapient.CoronaDemoTests;
				PRODUCT_NAME = "$(TARGET_NAME)";
				SWIFT_VERSION = 5.0;
				TARGETED_DEVICE_FAMILY = "1,2";
				TEST_HOST = "$(BUILT_PRODUCTS_DIR)/CoronaDemo.app/CoronaDemo";
			};
			name = Release;
		};
		3E915B5D2443199C00DFA574 /* Debug */ = {
			isa = XCBuildConfiguration;
			buildSettings = {
				ALWAYS_EMBED_SWIFT_STANDARD_LIBRARIES = YES;
				CODE_SIGN_STYLE = Automatic;
				INFOPLIST_FILE = CoronaDemoUITests/Info.plist;
				LD_RUNPATH_SEARCH_PATHS = (
					"$(inherited)",
					"@executable_path/Frameworks",
					"@loader_path/Frameworks",
				);
				PRODUCT_BUNDLE_IDENTIFIER = Sapient.CoronaDemoUITests;
				PRODUCT_NAME = "$(TARGET_NAME)";
				SWIFT_VERSION = 5.0;
				TARGETED_DEVICE_FAMILY = "1,2";
				TEST_TARGET_NAME = CoronaDemo;
			};
			name = Debug;
		};
		3E915B5E2443199C00DFA574 /* Release */ = {
			isa = XCBuildConfiguration;
			buildSettings = {
				ALWAYS_EMBED_SWIFT_STANDARD_LIBRARIES = YES;
				CODE_SIGN_STYLE = Automatic;
				INFOPLIST_FILE = CoronaDemoUITests/Info.plist;
				LD_RUNPATH_SEARCH_PATHS = (
					"$(inherited)",
					"@executable_path/Frameworks",
					"@loader_path/Frameworks",
				);
				PRODUCT_BUNDLE_IDENTIFIER = Sapient.CoronaDemoUITests;
				PRODUCT_NAME = "$(TARGET_NAME)";
				SWIFT_VERSION = 5.0;
				TARGETED_DEVICE_FAMILY = "1,2";
				TEST_TARGET_NAME = CoronaDemo;
			};
			name = Release;
		};
/* End XCBuildConfiguration section */

/* Begin XCConfigurationList section */
		3E915B272443199B00DFA574 /* Build configuration list for PBXProject "CoronaDemo" */ = {
			isa = XCConfigurationList;
			buildConfigurations = (
				3E915B542443199C00DFA574 /* Debug */,
				3E915B552443199C00DFA574 /* Release */,
			);
			defaultConfigurationIsVisible = 0;
			defaultConfigurationName = Release;
		};
		3E915B562443199C00DFA574 /* Build configuration list for PBXNativeTarget "CoronaDemo" */ = {
			isa = XCConfigurationList;
			buildConfigurations = (
				3E915B572443199C00DFA574 /* Debug */,
				3E915B582443199C00DFA574 /* Release */,
			);
			defaultConfigurationIsVisible = 0;
			defaultConfigurationName = Release;
		};
		3E915B592443199C00DFA574 /* Build configuration list for PBXNativeTarget "CoronaDemoTests" */ = {
			isa = XCConfigurationList;
			buildConfigurations = (
				3E915B5A2443199C00DFA574 /* Debug */,
				3E915B5B2443199C00DFA574 /* Release */,
			);
			defaultConfigurationIsVisible = 0;
			defaultConfigurationName = Release;
		};
		3E915B5C2443199C00DFA574 /* Build configuration list for PBXNativeTarget "CoronaDemoUITests" */ = {
			isa = XCConfigurationList;
			buildConfigurations = (
				3E915B5D2443199C00DFA574 /* Debug */,
				3E915B5E2443199C00DFA574 /* Release */,
			);
			defaultConfigurationIsVisible = 0;
			defaultConfigurationName = Release;
		};
/* End XCConfigurationList section */
	};
	rootObject = 3E915B242443199B00DFA574 /* Project object */;
}
